
Microsoft Visual Studio Solution File, Format Version 12.00
# Visual Studio 15
VisualStudioVersion = 15.0.28307.168
MinimumVisualStudioVersion = 10.0.40219.1
Project("{FAE04EC0-301F-11D3-BF4B-00C04F79EFBC}") = "HillHigh1980.UI", "HillHigh1980.UI\HillHigh1980.UI.csproj", "{235CF5E4-7CC8-4C43-BCF2-AE9A4F3E8E7A}"
EndProject
Global
	GlobalSection(SolutionConfigurationPlatforms) = preSolution
		Debug|Any CPU = Debug|Any CPU
		Release|Any CPU = Release|Any CPU
	EndGlobalSection
	GlobalSection(ProjectConfigurationPlatforms) = postSolution
		{235CF5E4-7CC8-4C43-BCF2-AE9A4F3E8E7A}.Debug|Any CPU.ActiveCfg = Debug|Any CPU
		{235CF5E4-7CC8-4C43-BCF2-AE9A4F3E8E7A}.Debug|Any CPU.Build.0 = Debug|Any CPU
		{235CF5E4-7CC8-4C43-BCF2-AE9A4F3E8E7A}.Release|Any CPU.ActiveCfg = Release|Any CPU
		{235CF5E4-7CC8-4C43-BCF2-AE9A4F3E8E7A}.Release|Any CPU.Build.0 = Release|Any CPU
	EndGlobalSection
	GlobalSection(SolutionProperties) = preSolution
		HideSolutionNode = FALSE
	EndGlobalSection
	GlobalSection(ExtensibilityGlobals) = postSolution
		SolutionGuid = {BD561B67-C08C-45BA-940E-22736A6AD64E}
	EndGlobalSection
EndGlobal
