{
  "requires": true,
  "lockfileVersion": 1,
  "dependencies": {
    "@syncfusion/ej2-base": {
      "version": "16.4.47",
      "resolved": "https://registry.npmjs.org/@syncfusion/ej2-base/-/ej2-base-16.4.47.tgz",
      "integrity": "sha512-oy4TtQ2BbzLrsmPWR+i4AgwL6Xx52SGGEifmGETflbV8cFurYed6DfUEWNXBx8Ilrn8DlOf4owYdv44C9jV2uQ=="
    },
    "@syncfusion/ej2-buttons": {
      "version": "16.4.47",
      "resolved": "https://registry.npmjs.org/@syncfusion/ej2-buttons/-/ej2-buttons-16.4.47.tgz",
      "integrity": "sha512-8XSb2vZ5re6SqufYdRujATOaia4htwy1ryK8W5otRZQYBsLI1pd4E9sKQef38MhgVkyK+Tr8hlnVGRGHV9CsIQ==",
      "requires": {
        "@syncfusion/ej2-base": "~16.4.47"
      }
    },
    "@syncfusion/ej2-calendars": {
      "version": "16.4.48",
      "resolved": "https://registry.npmjs.org/@syncfusion/ej2-calendars/-/ej2-calendars-16.4.48.tgz",
      "integrity": "sha512-BLe/ZEmd7YxJ5Ia7im0K6Zc3PcUfyb2pnmdZQhh9haWzSTCTu6lbfvW0aIVbY6CTCAipwpwcNVmlr87G6PJBbw==",
      "requires": {
        "@syncfusion/ej2-base": "~16.4.47",
        "@syncfusion/ej2-buttons": "~16.4.47",
        "@syncfusion/ej2-inputs": "~16.4.48",
        "@syncfusion/ej2-lists": "~16.4.47",
        "@syncfusion/ej2-popups": "~16.4.47"
      }
    },
    "@syncfusion/ej2-charts": {
      "version": "16.4.48",
      "resolved": "https://registry.npmjs.org/@syncfusion/ej2-charts/-/ej2-charts-16.4.48.tgz",
      "integrity": "sha512-P5BB17Y+8baGEPHbQMmKn+dVlcRZIVIMpkWBDY9mO37oaPF+ih9ABWK20FBKf1Mu+KLPlgvm8cqYCGGwCyqiHw==",
      "requires": {
        "@syncfusion/ej2-base": "~16.4.47",
        "@syncfusion/ej2-calendars": "~16.4.48",
        "@syncfusion/ej2-compression": "~16.4.47",
        "@syncfusion/ej2-data": "~16.4.48",
        "@syncfusion/ej2-file-utils": "~16.4.47",
        "@syncfusion/ej2-navigations": "~16.4.47",
        "@syncfusion/ej2-pdf-export": "~16.4.47",
        "@syncfusion/ej2-svg-base": "~16.4.48"
      }
    },
    "@syncfusion/ej2-circulargauge": {
      "version": "16.4.47",
      "resolved": "https://registry.npmjs.org/@syncfusion/ej2-circulargauge/-/ej2-circulargauge-16.4.47.tgz",
      "integrity": "sha512-p5cNdGBLAG3tgbINfD5eFSY3oej9AUi4LqY1/dQBqx2Z0q704w/oBXRUoX0QWVFLoUAyZeIS15pMTzwhDOZDWQ==",
      "requires": {
        "@syncfusion/ej2-base": "~16.4.47",
        "@syncfusion/ej2-popups": "~16.4.47",
        "@syncfusion/ej2-svg-base": "~16.4.47"
      }
    },
    "@syncfusion/ej2-compression": {
      "version": "16.4.47",
      "resolved": "https://registry.npmjs.org/@syncfusion/ej2-compression/-/ej2-compression-16.4.47.tgz",
      "integrity": "sha512-Pn4nvbGEGZ+GA/0Q6JmSUgUCeE3fEqRg6E/PL3W/H68wTwQJIp0ZymX/FOAhWl/z793uyZhefLUqLiinMnD2kQ==",
      "requires": {
        "@syncfusion/ej2-file-utils": "~16.4.47"
      }
    },
    "@syncfusion/ej2-data": {
      "version": "16.4.48",
      "resolved": "https://registry.npmjs.org/@syncfusion/ej2-data/-/ej2-data-16.4.48.tgz",
      "integrity": "sha512-2J0RrRxKgPKe6awD3gDPwizEfshOZYk2OOCJbM6rzy3Ly7Aown3Tj/gD1uppscoq+bFAsnajyKwcJPcb0UODqw==",
      "requires": {
        "@syncfusion/ej2-base": "~16.4.47"
      }
    },
    "@syncfusion/ej2-diagrams": {
      "version": "16.4.48",
      "resolved": "https://registry.npmjs.org/@syncfusion/ej2-diagrams/-/ej2-diagrams-16.4.48.tgz",
      "integrity": "sha512-GwOMwbaB6TuFxVNwIilysv6K6SLklW84JbqQPshxukasnaYfrROofi8hPbt1aQhU3D7dcSsgWxUGoeqQPuiHGQ==",
      "requires": {
        "@syncfusion/ej2-base": "~16.4.47",
        "@syncfusion/ej2-buttons": "~16.4.47",
        "@syncfusion/ej2-data": "~16.4.48",
        "@syncfusion/ej2-inputs": "~16.4.48",
        "@syncfusion/ej2-lists": "~16.4.47",
        "@syncfusion/ej2-navigations": "~16.4.47",
        "@syncfusion/ej2-popups": "~16.4.47"
      }
    },
    "@syncfusion/ej2-documenteditor": {
      "version": "16.4.48",
      "resolved": "https://registry.npmjs.org/@syncfusion/ej2-documenteditor/-/ej2-documenteditor-16.4.48.tgz",
      "integrity": "sha512-dmfAbG9TRqSjmd4U6Fj7RTBuGtlPBts1JmqFF8ea+bNoteFcdPm1AQvmL6o0kpF8V6v2zh4BWqhjYQfs+bajdw==",
      "requires": {
        "@syncfusion/ej2-base": "~16.4.47",
        "@syncfusion/ej2-buttons": "~16.4.47",
        "@syncfusion/ej2-compression": "~16.4.47",
        "@syncfusion/ej2-dropdowns": "~16.4.48",
        "@syncfusion/ej2-file-utils": "~16.4.47",
        "@syncfusion/ej2-inputs": "~16.4.48",
        "@syncfusion/ej2-navigations": "~16.4.47",
        "@syncfusion/ej2-popups": "~16.4.47",
        "@syncfusion/ej2-splitbuttons": "~16.4.47"
      }
    },
    "@syncfusion/ej2-dropdowns": {
      "version": "16.4.48",
      "resolved": "https://registry.npmjs.org/@syncfusion/ej2-dropdowns/-/ej2-dropdowns-16.4.48.tgz",
      "integrity": "sha512-lPL6IxcuovRQmPge+gBRgkD7SrQVtXLlSD4kAGvVnF2+G4bpWp6DvJzjUfddrDhobGdo6F8b8v4L8uXogZX9UA==",
      "requires": {
        "@syncfusion/ej2-base": "~16.4.47",
        "@syncfusion/ej2-data": "~16.4.48",
        "@syncfusion/ej2-inputs": "~16.4.48",
        "@syncfusion/ej2-lists": "~16.4.47",
        "@syncfusion/ej2-popups": "~16.4.47"
      }
    },
    "@syncfusion/ej2-excel-export": {
      "version": "16.4.47",
      "resolved": "https://registry.npmjs.org/@syncfusion/ej2-excel-export/-/ej2-excel-export-16.4.47.tgz",
      "integrity": "sha512-1XO/EYOOpFCtPL0pfVhJQK7vRObh1XJO+io1rNjHwzZbxxV8aPw+lA79VzF6RNP6sGDaLXlgUrsKpnPwIYhLnw==",
      "requires": {
        "@syncfusion/ej2-base": "~16.4.47",
        "@syncfusion/ej2-compression": "~16.4.47"
      }
    },
    "@syncfusion/ej2-file-utils": {
      "version": "16.4.47",
      "resolved": "https://registry.npmjs.org/@syncfusion/ej2-file-utils/-/ej2-file-utils-16.4.47.tgz",
      "integrity": "sha512-QTuSXNQ5ig78FA/esFFm5DfpmPK/8qtNxz3xKWyGHJk+GCzYLhQ+RnXoWo6Qebr6YSe9kGbNqxRv9B3Homn81g=="
    },
    "@syncfusion/ej2-grids": {
      "version": "16.4.48",
      "resolved": "https://registry.npmjs.org/@syncfusion/ej2-grids/-/ej2-grids-16.4.48.tgz",
      "integrity": "sha512-2hS4h4sSaC/P0ljrtke8tykzUkX6D/VPIKyfcqMXkwGR9rp5iw04A6ZnbkagQQSr5VJnZdlY7c44nMLfdnKWWA==",
      "requires": {
        "@syncfusion/ej2-base": "~16.4.47",
        "@syncfusion/ej2-buttons": "~16.4.47",
        "@syncfusion/ej2-calendars": "~16.4.48",
        "@syncfusion/ej2-compression": "~16.4.47",
        "@syncfusion/ej2-data": "~16.4.48",
        "@syncfusion/ej2-dropdowns": "~16.4.48",
        "@syncfusion/ej2-excel-export": "~16.4.47",
        "@syncfusion/ej2-file-utils": "~16.4.47",
        "@syncfusion/ej2-inputs": "~16.4.48",
        "@syncfusion/ej2-lists": "~16.4.47",
        "@syncfusion/ej2-navigations": "~16.4.47",
        "@syncfusion/ej2-pdf-export": "~16.4.47",
        "@syncfusion/ej2-popups": "~16.4.47",
        "@syncfusion/ej2-splitbuttons": "~16.4.47"
      }
    },
    "@syncfusion/ej2-heatmap": {
      "version": "16.4.47",
      "resolved": "https://registry.npmjs.org/@syncfusion/ej2-heatmap/-/ej2-heatmap-16.4.47.tgz",
      "integrity": "sha512-KkUIGfvaNg0TXS9IvFqMjMm5wNes5P7yPml2CgWJrM9/73qLph4VAreEqFfCzcDg3VAvZiMqoiDjR1pfpEuHZQ==",
      "requires": {
        "@syncfusion/ej2-base": "~16.4.47",
        "@syncfusion/ej2-data": "~16.4.47",
        "@syncfusion/ej2-svg-base": "~16.4.47"
      }
    },
    "@syncfusion/ej2-inplace-editor": {
      "version": "16.4.48",
      "resolved": "https://registry.npmjs.org/@syncfusion/ej2-inplace-editor/-/ej2-inplace-editor-16.4.48.tgz",
      "integrity": "sha512-8qGBIc8Fu/2xwCUr2LVjyEMRGwB+tSFlguAEJC0md94ch9fx0lu5PTaQG30u1n+KUyWZAU0aRKUqSNRa9+07yg==",
      "requires": {
        "@syncfusion/ej2-base": "~16.4.47",
        "@syncfusion/ej2-buttons": "~16.4.47",
        "@syncfusion/ej2-calendars": "~16.4.48",
        "@syncfusion/ej2-data": "~16.4.48",
        "@syncfusion/ej2-dropdowns": "~16.4.48",
        "@syncfusion/ej2-inputs": "~16.4.48",
        "@syncfusion/ej2-lists": "~16.4.47",
        "@syncfusion/ej2-navigations": "~16.4.47",
        "@syncfusion/ej2-popups": "~16.4.47",
        "@syncfusion/ej2-richtexteditor": "~16.4.48",
        "@syncfusion/ej2-splitbuttons": "~16.4.47"
      }
    },
    "@syncfusion/ej2-inputs": {
      "version": "16.4.48",
      "resolved": "https://registry.npmjs.org/@syncfusion/ej2-inputs/-/ej2-inputs-16.4.48.tgz",
      "integrity": "sha512-vc6pLkIF4mU+ylgsqIjYryVdUSKHh/yePH1AOnRfkP0mRBIGqDRNtcddy0L2sOKl0Elyl4z33heHM2qWSSGg6g==",
      "requires": {
        "@syncfusion/ej2-base": "~16.4.47",
        "@syncfusion/ej2-buttons": "~16.4.47",
        "@syncfusion/ej2-popups": "~16.4.47",
        "@syncfusion/ej2-splitbuttons": "~16.4.47"
      }
    },
    "@syncfusion/ej2-layouts": {
      "version": "16.4.47",
      "resolved": "https://registry.npmjs.org/@syncfusion/ej2-layouts/-/ej2-layouts-16.4.47.tgz",
      "integrity": "sha512-5paZYVnQkizVWplazpcZnci3Z9jAJ7uFvHDp+Cu+wH7hGwU5j3OgKR3KQZQlXPTpnbXVUuL6x3dNLxjjrziXuw==",
      "requires": {
        "@syncfusion/ej2-base": "~16.4.47"
      }
    },
    "@syncfusion/ej2-lineargauge": {
      "version": "16.4.47",
      "resolved": "https://registry.npmjs.org/@syncfusion/ej2-lineargauge/-/ej2-lineargauge-16.4.47.tgz",
      "integrity": "sha512-drddc81Cpb1ACAC3Ac4f1jxwMv4Q6f8sDsvxxM3E1OPAZh36AswvPJm9BbXnCGrk1WpaylgylDaQZJwbz+wUsg==",
      "requires": {
        "@syncfusion/ej2-base": "~16.4.47",
        "@syncfusion/ej2-popups": "~16.4.47",
        "@syncfusion/ej2-svg-base": "~16.4.47"
      }
    },
    "@syncfusion/ej2-lists": {
      "version": "16.4.47",
      "resolved": "https://registry.npmjs.org/@syncfusion/ej2-lists/-/ej2-lists-16.4.47.tgz",
      "integrity": "sha512-Y3z3vxjJ87420Szk88ONm3yd9RTuYM/2ZaUhMxbjbJBvhaJr9r3hbq5XldvqOCHUQOMAcxdMp8/Xvnzt+IcjNg==",
      "requires": {
        "@syncfusion/ej2-base": "~16.4.47",
        "@syncfusion/ej2-buttons": "~16.4.47",
        "@syncfusion/ej2-data": "~16.4.47"
      }
    },
    "@syncfusion/ej2-maps": {
      "version": "16.4.47",
      "resolved": "https://registry.npmjs.org/@syncfusion/ej2-maps/-/ej2-maps-16.4.47.tgz",
      "integrity": "sha512-KnGXJY0XlXk09j6oMDtnfH0lSXr6Lfo/f7F6pZep3Bnnlexp+4MJWULtjX2RN9lx4WSSz4WDcQCgi3Y+whKwYA==",
      "requires": {
        "@syncfusion/ej2-base": "~16.4.47",
        "@syncfusion/ej2-compression": "~16.4.47",
        "@syncfusion/ej2-data": "~16.4.47",
        "@syncfusion/ej2-file-utils": "~16.4.47",
        "@syncfusion/ej2-pdf-export": "~16.4.47",
        "@syncfusion/ej2-popups": "~16.4.47",
        "@syncfusion/ej2-svg-base": "~16.4.47"
      }
    },
    "@syncfusion/ej2-navigations": {
      "version": "16.4.47",
      "resolved": "https://registry.npmjs.org/@syncfusion/ej2-navigations/-/ej2-navigations-16.4.47.tgz",
      "integrity": "sha512-xWNnrrl0VW/+PWCLKyqIAhYHUWpBbOUEbST4eHOf0GVRDayCkwuaI5LKVc9Y0sGuB8ezs8dZnXRwqRTI6zBc+Q==",
      "requires": {
        "@syncfusion/ej2-base": "~16.4.47",
        "@syncfusion/ej2-buttons": "~16.4.47",
        "@syncfusion/ej2-data": "~16.4.47",
        "@syncfusion/ej2-inputs": "~16.4.47",
        "@syncfusion/ej2-lists": "~16.4.47",
        "@syncfusion/ej2-popups": "~16.4.47"
      }
    },
    "@syncfusion/ej2-notifications": {
      "version": "16.4.47",
      "resolved": "https://registry.npmjs.org/@syncfusion/ej2-notifications/-/ej2-notifications-16.4.47.tgz",
      "integrity": "sha512-8PVrvo6nMGTaH6Jq8oDW3UIEk6ee+zuUReq/0TeHgvcjuhLX44WuKFDj+qHFmxHzd0amC1FEbkSsmAkPGqW1IQ==",
      "requires": {
        "@syncfusion/ej2-base": "~16.4.47",
        "@syncfusion/ej2-buttons": "~16.4.47",
        "@syncfusion/ej2-popups": "~16.4.47"
      }
    },
    "@syncfusion/ej2-pdf-export": {
      "version": "16.4.47",
      "resolved": "https://registry.npmjs.org/@syncfusion/ej2-pdf-export/-/ej2-pdf-export-16.4.47.tgz",
      "integrity": "sha512-W6p7NnGzjjzXXL11cHt7cw67o3/X0MzHBNgN7XXeLGHpfSCo481nP9e9Go6GnjX7r/MhtEOjzjiGPPM/+qsq1A==",
      "requires": {
        "@syncfusion/ej2-compression": "~16.4.47"
      }
    },
    "@syncfusion/ej2-pdfviewer": {
      "version": "16.4.48",
      "resolved": "https://registry.npmjs.org/@syncfusion/ej2-pdfviewer/-/ej2-pdfviewer-16.4.48.tgz",
      "integrity": "sha512-JdGTkQvV3UBmBIrr+1diBEEMDY6L9WqFRPRigZIUDzj8B43DqIEpyt2jQ3lpAAcKUuo8n7OA35J0kXniE0994Q==",
      "requires": {
        "@syncfusion/ej2-base": "~16.4.47",
        "@syncfusion/ej2-buttons": "~16.4.47",
        "@syncfusion/ej2-data": "~16.4.48",
        "@syncfusion/ej2-dropdowns": "~16.4.48",
        "@syncfusion/ej2-inputs": "~16.4.48",
        "@syncfusion/ej2-lists": "~16.4.47",
        "@syncfusion/ej2-navigations": "~16.4.47",
        "@syncfusion/ej2-popups": "~16.4.47"
      }
    },
    "@syncfusion/ej2-pivotview": {
      "version": "16.4.47",
      "resolved": "https://registry.npmjs.org/@syncfusion/ej2-pivotview/-/ej2-pivotview-16.4.47.tgz",
      "integrity": "sha512-am8Lt+1mDGUGo2xiDVksFO2ct6O3fdWmDbs0oBHKvEYua9CKCVjqNoVmv8LplYhuFBJD8A6hJD7jyV2my3Q0jQ==",
      "requires": {
        "@syncfusion/ej2-base": "~16.4.47",
        "@syncfusion/ej2-buttons": "~16.4.47",
        "@syncfusion/ej2-calendars": "~16.4.47",
        "@syncfusion/ej2-compression": "~16.4.47",
        "@syncfusion/ej2-data": "~16.4.47",
        "@syncfusion/ej2-dropdowns": "~16.4.47",
        "@syncfusion/ej2-excel-export": "~16.4.47",
        "@syncfusion/ej2-file-utils": "~16.4.47",
        "@syncfusion/ej2-grids": "~16.4.47",
        "@syncfusion/ej2-inputs": "~16.4.47",
        "@syncfusion/ej2-lists": "~16.4.47",
        "@syncfusion/ej2-navigations": "~16.4.47",
        "@syncfusion/ej2-pdf-export": "~16.4.47",
        "@syncfusion/ej2-popups": "~16.4.47"
      }
    },
    "@syncfusion/ej2-popups": {
      "version": "16.4.47",
      "resolved": "https://registry.npmjs.org/@syncfusion/ej2-popups/-/ej2-popups-16.4.47.tgz",
      "integrity": "sha512-uAYReFwyxy2QGmG2jkZBQXpSrcGdNJpDCMPLqy4zCmyW1KlpJO9zPei+OJamrz9ouIln/XhxPilDe0wM9zV5ZA==",
      "requires": {
        "@syncfusion/ej2-base": "~16.4.47",
        "@syncfusion/ej2-buttons": "~16.4.47"
      }
    },
    "@syncfusion/ej2-querybuilder": {
      "version": "16.4.47",
      "resolved": "https://registry.npmjs.org/@syncfusion/ej2-querybuilder/-/ej2-querybuilder-16.4.47.tgz",
      "integrity": "sha512-iYYIf0xAKaHi+NAuxLKSOfHEmEplojpYqdkTZIbf4AZ668FXpON1TqLJWwUi3Ks04Y7DWR6idHSU0ormzlZDBA==",
      "requires": {
        "@syncfusion/ej2-base": "~16.4.47",
        "@syncfusion/ej2-buttons": "~16.4.47",
        "@syncfusion/ej2-calendars": "~16.4.47",
        "@syncfusion/ej2-dropdowns": "~16.4.47",
        "@syncfusion/ej2-inputs": "~16.4.47",
        "@syncfusion/ej2-splitbuttons": "~16.4.47"
      }
    },
    "@syncfusion/ej2-richtexteditor": {
      "version": "16.4.48",
      "resolved": "https://registry.npmjs.org/@syncfusion/ej2-richtexteditor/-/ej2-richtexteditor-16.4.48.tgz",
      "integrity": "sha512-scMyriyH6Ezn6F0TPmpwuwvlSL5rZXOfAT5Zu/19UvJzO7irFZyOJXxXATWkUmud3fNRhU/opVsG9TuZfcdbTw==",
      "requires": {
        "@syncfusion/ej2-base": "~16.4.47",
        "@syncfusion/ej2-navigations": "~16.4.47",
        "@syncfusion/ej2-popups": "~16.4.47",
        "@syncfusion/ej2-splitbuttons": "~16.4.47"
      }
    },
    "@syncfusion/ej2-schedule": {
      "version": "16.4.48",
      "resolved": "https://registry.npmjs.org/@syncfusion/ej2-schedule/-/ej2-schedule-16.4.48.tgz",
      "integrity": "sha512-Ao0LN2oAXlA4lV+PBxPDf9xDfLqSs4s8dMz/P+lUTjlrDJpYN3sqHmNY4/iem23LcSl2sOILdhRNpLvbtFjD4Q==",
      "requires": {
        "@syncfusion/ej2-base": "~16.4.47",
        "@syncfusion/ej2-buttons": "~16.4.47",
        "@syncfusion/ej2-calendars": "~16.4.48",
        "@syncfusion/ej2-data": "~16.4.48",
        "@syncfusion/ej2-dropdowns": "~16.4.48",
        "@syncfusion/ej2-inputs": "~16.4.48",
        "@syncfusion/ej2-lists": "~16.4.47",
        "@syncfusion/ej2-navigations": "~16.4.47",
        "@syncfusion/ej2-popups": "~16.4.47"
      }
    },
    "@syncfusion/ej2-splitbuttons": {
      "version": "16.4.47",
      "resolved": "https://registry.npmjs.org/@syncfusion/ej2-splitbuttons/-/ej2-splitbuttons-16.4.47.tgz",
      "integrity": "sha512-sAfL+/wFTVrWKLTQT8BMaD+EfhrJzYbHA1wTOtRA5Z0ug6q8zjx/knpYuK2FXo2aM8KppqxXNN3uINqSgWcVFg==",
      "requires": {
        "@syncfusion/ej2-base": "~16.4.47",
        "@syncfusion/ej2-popups": "~16.4.47"
      }
    },
    "@syncfusion/ej2-svg-base": {
      "version": "16.4.48",
      "resolved": "https://registry.npmjs.org/@syncfusion/ej2-svg-base/-/ej2-svg-base-16.4.48.tgz",
      "integrity": "sha512-+80vUmUu0CWGT0DO2rbkXqzeZBlYbXW4QesjJsSrzUXvRU0HJ/h8vA/Cr1Wzhep8UMMN8BeT+P/B1yFmp71edQ==",
      "requires": {
        "@syncfusion/ej2-base": "~16.4.47"
      }
    },
    "@syncfusion/ej2-treegrid": {
      "version": "16.4.48",
      "resolved": "https://registry.npmjs.org/@syncfusion/ej2-treegrid/-/ej2-treegrid-16.4.48.tgz",
      "integrity": "sha512-sLTvEybz1El8c5lcdWKYUa1PJ0EuDyUo+geuKRmwSEt7RaZHcLv7riJ9AbXLwfJGiYrt/82vu1TqAkmvtj9RCg==",
      "requires": {
        "@syncfusion/ej2-base": "~16.4.47",
        "@syncfusion/ej2-data": "~16.4.48",
        "@syncfusion/ej2-grids": "~16.4.48",
        "@syncfusion/ej2-popups": "~16.4.47"
      }
    },
    "@syncfusion/ej2-treemap": {
      "version": "16.4.47",
      "resolved": "https://registry.npmjs.org/@syncfusion/ej2-treemap/-/ej2-treemap-16.4.47.tgz",
      "integrity": "sha512-b1tlJ7OsJ+bE/0550d1aw8SNGGFSwI5DTbRql8QE6W2c5tvqhCBmlgeZjHo79HC39ogp1CIfzaSXSA7E0c5IWQ==",
      "requires": {
        "@syncfusion/ej2-base": "~16.4.47",
        "@syncfusion/ej2-compression": "~16.4.47",
        "@syncfusion/ej2-data": "~16.4.47",
        "@syncfusion/ej2-file-utils": "~16.4.47",
        "@syncfusion/ej2-pdf-export": "~16.4.47",
        "@syncfusion/ej2-svg-base": "~16.4.47"
      }
    },
    "@types/jquery": {
      "version": "3.3.29",
      "resolved": "https://registry.npmjs.org/@types/jquery/-/jquery-3.3.29.tgz",
      "integrity": "sha512-FhJvBninYD36v3k6c+bVk1DSZwh7B5Dpb/Pyk3HKVsiohn0nhbefZZ+3JXbWQhFyt0MxSl2jRDdGQPHeOHFXrQ==",
      "requires": {
        "@types/sizzle": "*"
      }
    },
    "@types/sizzle": {
      "version": "2.3.2",
      "resolved": "https://registry.npmjs.org/@types/sizzle/-/sizzle-2.3.2.tgz",
      "integrity": "sha512-7EJYyKTL7tFR8+gDbB6Wwz/arpGa0Mywk1TJbNzKzHtzbwVmY4HR9WqS5VV7dsBUKQmPNr192jHr/VpBluj/hg=="
    },
    "tslib": {
      "version": "1.9.3",
      "resolved": "https://registry.npmjs.org/tslib/-/tslib-1.9.3.tgz",
      "integrity": "sha512-4krF8scpejhaOgqzBEcGM7yDIEfi0/8+8zDRZhNZZ2kjmHJ4hv3zCbQWxoJGz1iw5U0Jl0nma13xzHXcncMavQ=="
    }
  }
}
